// !$*UTF8*$!
{
	archiveVersion = 1;
	classes = {
	};
	objectVersion = 46;
	objects = {

/* Begin PBXBuildFile section */
		4BE1D04D1B44A03E00C5AEFE /* AppDelegate.swift in Sources */ = {isa = PBXBuildFile; fileRef = 4BE1D04C1B44A03E00C5AEFE /* AppDelegate.swift */; };
		4BE1D04F1B44A03E00C5AEFE /* ViewController.swift in Sources */ = {isa = PBXBuildFile; fileRef = 4BE1D04E1B44A03E00C5AEFE /* ViewController.swift */; };
		4BE1D0521B44A03E00C5AEFE /* Main.storyboard in Resources */ = {isa = PBXBuildFile; fileRef = 4BE1D0501B44A03E00C5AEFE /* Main.storyboard */; };
		4BE1D0541B44A03E00C5AEFE /* Images.xcassets in Resources */ = {isa = PBXBuildFile; fileRef = 4BE1D0531B44A03E00C5AEFE /* Images.xcassets */; };
		4BE1D0571B44A03E00C5AEFE /* LaunchScreen.xib in Resources */ = {isa = PBXBuildFile; fileRef = 4BE1D0551B44A03E00C5AEFE /* LaunchScreen.xib */; };
		4BE1D0631B44A03E00C5AEFE /* gitJobsViewerTests.swift in Sources */ = {isa = PBXBuildFile; fileRef = 4BE1D0621B44A03E00C5AEFE /* gitJobsViewerTests.swift */; };
		4BE1D06D1B44A0F000C5AEFE /* SearchViewController.swift in Sources */ = {isa = PBXBuildFile; fileRef = 4BE1D06C1B44A0EF00C5AEFE /* SearchViewController.swift */; };
		4BE1D0711B44A40900C5AEFE /* GitRequestManager.swift in Sources */ = {isa = PBXBuildFile; fileRef = 4BE1D0701B44A40900C5AEFE /* GitRequestManager.swift */; };
		4BE1D0761B4AC6E700C5AEFE /* JobPosting.swift in Sources */ = {isa = PBXBuildFile; fileRef = 4BE1D0751B4AC6E700C5AEFE /* JobPosting.swift */; };
		4BE1D0781B4AC75E00C5AEFE /* JobSearchSession.swift in Sources */ = {isa = PBXBuildFile; fileRef = 4BE1D0771B4AC75E00C5AEFE /* JobSearchSession.swift */; };
/* End PBXBuildFile section */

/* Begin PBXContainerItemProxy section */
		4BE1D05D1B44A03E00C5AEFE /* PBXContainerItemProxy */ = {
			isa = PBXContainerItemProxy;
			containerPortal = 4BE1D03F1B44A03E00C5AEFE /* Project object */;
			proxyType = 1;
			remoteGlobalIDString = 4BE1D0461B44A03E00C5AEFE;
			remoteInfo = gitJobsViewer;
		};
/* End PBXContainerItemProxy section */

/* Begin PBXFileReference section */
		4BE1D0471B44A03E00C5AEFE /* gitJobsViewer.app */ = {isa = PBXFileReference; explicitFileType = wrapper.application; includeInIndex = 0; path = gitJobsViewer.app; sourceTree = BUILT_PRODUCTS_DIR; };
		4BE1D04B1B44A03E00C5AEFE /* Info.plist */ = {isa = PBXFileReference; lastKnownFileType = text.plist.xml; path = Info.plist; sourceTree = "<group>"; };
		4BE1D04C1B44A03E00C5AEFE /* AppDelegate.swift */ = {isa = PBXFileReference; lastKnownFileType = sourcecode.swift; path = AppDelegate.swift; sourceTree = "<group>"; };
		4BE1D04E1B44A03E00C5AEFE /* ViewController.swift */ = {isa = PBXFileReference; lastKnownFileType = sourcecode.swift; path = ViewController.swift; sourceTree = "<group>"; };
		4BE1D0511B44A03E00C5AEFE /* Base */ = {isa = PBXFileReference; lastKnownFileType = file.storyboard; name = Base; path = Base.lproj/Main.storyboard; sourceTree = "<group>"; };
		4BE1D0531B44A03E00C5AEFE /* Images.xcassets */ = {isa = PBXFileReference; lastKnownFileType = folder.assetcatalog; path = Images.xcassets; sourceTree = "<group>"; };
		4BE1D0561B44A03E00C5AEFE /* Base */ = {isa = PBXFileReference; lastKnownFileType = file.xib; name = Base; path = Base.lproj/LaunchScreen.xib; sourceTree = "<group>"; };
		4BE1D05C1B44A03E00C5AEFE /* gitJobsViewerTests.xctest */ = {isa = PBXFileReference; explicitFileType = wrapper.cfbundle; includeInIndex = 0; path = gitJobsViewerTests.xctest; sourceTree = BUILT_PRODUCTS_DIR; };
		4BE1D0611B44A03E00C5AEFE /* Info.plist */ = {isa = PBXFileReference; lastKnownFileType = text.plist.xml; path = Info.plist; sourceTree = "<group>"; };
		4BE1D0621B44A03E00C5AEFE /* gitJobsViewerTests.swift */ = {isa = PBXFileReference; lastKnownFileType = sourcecode.swift; path = gitJobsViewerTests.swift; sourceTree = "<group>"; };
		4BE1D06C1B44A0EF00C5AEFE /* SearchViewController.swift */ = {isa = PBXFileReference; fileEncoding = 4; lastKnownFileType = sourcecode.swift; path = SearchViewController.swift; sourceTree = "<group>"; };
		4BE1D0701B44A40900C5AEFE /* GitRequestManager.swift */ = {isa = PBXFileReference; fileEncoding = 4; lastKnownFileType = sourcecode.swift; path = GitRequestManager.swift; sourceTree = "<group>"; };
		4BE1D0751B4AC6E700C5AEFE /* JobPosting.swift */ = {isa = PBXFileReference; fileEncoding = 4; lastKnownFileType = sourcecode.swift; path = JobPosting.swift; sourceTree = "<group>"; };
		4BE1D0771B4AC75E00C5AEFE /* JobSearchSession.swift */ = {isa = PBXFileReference; fileEncoding = 4; lastKnownFileType = sourcecode.swift; path = JobSearchSession.swift; sourceTree = "<group>"; };
/* End PBXFileReference section */

/* Begin PBXFrameworksBuildPhase section */
		4BE1D0441B44A03E00C5AEFE /* Frameworks */ = {
			isa = PBXFrameworksBuildPhase;
			buildActionMask = 2147483647;
			files = (
			);
			runOnlyForDeploymentPostprocessing = 0;
		};
		4BE1D0591B44A03E00C5AEFE /* Frameworks */ = {
			isa = PBXFrameworksBuildPhase;
			buildActionMask = 2147483647;
			files = (
			);
			runOnlyForDeploymentPostprocessing = 0;
		};
/* End PBXFrameworksBuildPhase section */

/* Begin PBXGroup section */
		4BE1D03E1B44A03E00C5AEFE = {
			isa = PBXGroup;
			children = (
				4BE1D0491B44A03E00C5AEFE /* gitJobsViewer */,
				4BE1D05F1B44A03E00C5AEFE /* gitJobsViewerTests */,
				4BE1D0481B44A03E00C5AEFE /* Products */,
			);
			sourceTree = "<group>";
		};
		4BE1D0481B44A03E00C5AEFE /* Products */ = {
			isa = PBXGroup;
			children = (
				4BE1D0471B44A03E00C5AEFE /* gitJobsViewer.app */,
				4BE1D05C1B44A03E00C5AEFE /* gitJobsViewerTests.xctest */,
			);
			name = Products;
			sourceTree = "<group>";
		};
		4BE1D0491B44A03E00C5AEFE /* gitJobsViewer */ = {
			isa = PBXGroup;
			children = (
				4BE1D04C1B44A03E00C5AEFE /* AppDelegate.swift */,
				4BE1D04E1B44A03E00C5AEFE /* ViewController.swift */,
				4BE1D0751B4AC6E700C5AEFE /* JobPosting.swift */,
				4BE1D0771B4AC75E00C5AEFE /* JobSearchSession.swift */,
				4BE1D06C1B44A0EF00C5AEFE /* SearchViewController.swift */,
				4BE1D0701B44A40900C5AEFE /* GitRequestManager.swift */,
				4BE1D0501B44A03E00C5AEFE /* Main.storyboard */,
				4BE1D0531B44A03E00C5AEFE /* Images.xcassets */,
				4BE1D0551B44A03E00C5AEFE /* LaunchScreen.xib */,
				4BE1D04A1B44A03E00C5AEFE /* Supporting Files */,
			);
			path = gitJobsViewer;
			sourceTree = "<group>";
		};
		4BE1D04A1B44A03E00C5AEFE /* Supporting Files */ = {
			isa = PBXGroup;
			children = (
				4BE1D04B1B44A03E00C5AEFE /* Info.plist */,
			);
			name = "Supporting Files";
			sourceTree = "<group>";
		};
		4BE1D05F1B44A03E00C5AEFE /* gitJobsViewerTests */ = {
			isa = PBXGroup;
			children = (
				4BE1D0621B44A03E00C5AEFE /* gitJobsViewerTests.swift */,
				4BE1D0601B44A03E00C5AEFE /* Supporting Files */,
			);
			path = gitJobsViewerTests;
			sourceTree = "<group>";
		};
		4BE1D0601B44A03E00C5AEFE /* Supporting Files */ = {
			isa = PBXGroup;
			children = (
				4BE1D0611B44A03E00C5AEFE /* Info.plist */,
			);
			name = "Supporting Files";
			sourceTree = "<group>";
		};
/* End PBXGroup section */

/* Begin PBXNativeTarget section */
		4BE1D0461B44A03E00C5AEFE /* gitJobsViewer */ = {
			isa = PBXNativeTarget;
			buildConfigurationList = 4BE1D0661B44A03E00C5AEFE /* Build configuration list for PBXNativeTarget "gitJobsViewer" */;
			buildPhases = (
				4BE1D0431B44A03E00C5AEFE /* Sources */,
				4BE1D0441B44A03E00C5AEFE /* Frameworks */,
				4BE1D0451B44A03E00C5AEFE /* Resources */,
			);
			buildRules = (
			);
			dependencies = (
			);
			name = gitJobsViewer;
			productName = gitJobsViewer;
			productReference = 4BE1D0471B44A03E00C5AEFE /* gitJobsViewer.app */;
			productType = "com.apple.product-type.application";
		};
		4BE1D05B1B44A03E00C5AEFE /* gitJobsViewerTests */ = {
			isa = PBXNativeTarget;
			buildConfigurationList = 4BE1D0691B44A03E00C5AEFE /* Build configuration list for PBXNativeTarget "gitJobsViewerTests" */;
			buildPhases = (
				4BE1D0581B44A03E00C5AEFE /* Sources */,
				4BE1D0591B44A03E00C5AEFE /* Frameworks */,
				4BE1D05A1B44A03E00C5AEFE /* Resources */,
			);
			buildRules = (
			);
			dependencies = (
				4BE1D05E1B44A03E00C5AEFE /* PBXTargetDependency */,
			);
			name = gitJobsViewerTests;
			productName = gitJobsViewerTests;
			productReference = 4BE1D05C1B44A03E00C5AEFE /* gitJobsViewerTests.xctest */;
			productType = "com.apple.product-type.bundle.unit-test";
		};
/* End PBXNativeTarget section */

/* Begin PBXProject section */
		4BE1D03F1B44A03E00C5AEFE /* Project object */ = {
			isa = PBXProject;
			attributes = {
				LastUpgradeCheck = 0630;
				ORGANIZATIONNAME = "Nathan Sjoquist";
				TargetAttributes = {
					4BE1D0461B44A03E00C5AEFE = {
						CreatedOnToolsVersion = 6.3.1;
					};
					4BE1D05B1B44A03E00C5AEFE = {
						CreatedOnToolsVersion = 6.3.1;
						TestTargetID = 4BE1D0461B44A03E00C5AEFE;
					};
				};
			};
			buildConfigurationList = 4BE1D0421B44A03E00C5AEFE /* Build configuration list for PBXProject "gitJobsViewer" */;
			compatibilityVersion = "Xcode 3.2";
			developmentRegion = English;
			hasScannedForEncodings = 0;
			knownRegions = (
				en,
				Base,
			);
			mainGroup = 4BE1D03E1B44A03E00C5AEFE;
			productRefGroup = 4BE1D0481B44A03E00C5AEFE /* Products */;
			projectDirPath = "";
			projectRoot = "";
			targets = (
				4BE1D0461B44A03E00C5AEFE /* gitJobsViewer */,
				4BE1D05B1B44A03E00C5AEFE /* gitJobsViewerTests */,
			);
		};
/* End PBXProject section */

/* Begin PBXResourcesBuildPhase section */
		4BE1D0451B44A03E00C5AEFE /* Resources */ = {
			isa = PBXResourcesBuildPhase;
			buildActionMask = 2147483647;
			files = (
				4BE1D0521B44A03E00C5AEFE /* Main.storyboard in Resources */,
				4BE1D0571B44A03E00C5AEFE /* LaunchScreen.xib in Resources */,
				4BE1D0541B44A03E00C5AEFE /* Images.xcassets in Resources */,
			);
			runOnlyForDeploymentPostprocessing = 0;
		};
		4BE1D05A1B44A03E00C5AEFE /* Resources */ = {
			isa = PBXResourcesBuildPhase;
			buildActionMask = 2147483647;
			files = (
			);
			runOnlyForDeploymentPostprocessing = 0;
		};
/* End PBXResourcesBuildPhase section */

/* Begin PBXSourcesBuildPhase section */
		4BE1D0431B44A03E00C5AEFE /* Sources */ = {
			isa = PBXSourcesBuildPhase;
			buildActionMask = 2147483647;
			files = (
				4BE1D0781B4AC75E00C5AEFE /* JobSearchSession.swift in Sources */,
				4BE1D06D1B44A0F000C5AEFE /* SearchViewController.swift in Sources */,
				4BE1D04F1B44A03E00C5AEFE /* ViewController.swift in Sources */,
				4BE1D0761B4AC6E700C5AEFE /* JobPosting.swift in Sources */,
				4BE1D0711B44A40900C5AEFE /* GitRequestManager.swift in Sources */,
				4BE1D04D1B44A03E00C5AEFE /* AppDelegate.swift in Sources */,
			);
			runOnlyForDeploymentPostprocessing = 0;
		};
		4BE1D0581B44A03E00C5AEFE /* Sources */ = {
			isa = PBXSourcesBuildPhase;
			buildActionMask = 2147483647;
			files = (
				4BE1D0631B44A03E00C5AEFE /* gitJobsViewerTests.swift in Sources */,
			);
			runOnlyForDeploymentPostprocessing = 0;
		};
/* End PBXSourcesBuildPhase section */

/* Begin PBXTargetDependency section */
		4BE1D05E1B44A03E00C5AEFE /* PBXTargetDependency */ = {
			isa = PBXTargetDependency;
			target = 4BE1D0461B44A03E00C5AEFE /* gitJobsViewer */;
			targetProxy = 4BE1D05D1B44A03E00C5AEFE /* PBXContainerItemProxy */;
		};
/* End PBXTargetDependency section */

/* Begin PBXVariantGroup section */
		4BE1D0501B44A03E00C5AEFE /* Main.storyboard */ = {
			isa = PBXVariantGroup;
			children = (
				4BE1D0511B44A03E00C5AEFE /* Base */,
			);
			name = Main.storyboard;
			sourceTree = "<group>";
		};
		4BE1D0551B44A03E00C5AEFE /* LaunchScreen.xib */ = {
			isa = PBXVariantGroup;
			children = (
				4BE1D0561B44A03E00C5AEFE /* Base */,
			);
			name = LaunchScreen.xib;
			sourceTree = "<group>";
		};
/* End PBXVariantGroup section */

/* Begin XCBuildConfiguration section */
		4BE1D0641B44A03E00C5AEFE /* Debug */ = {
			isa = XCBuildConfiguration;
			buildSettings = {
				ALWAYS_SEARCH_USER_PATHS = NO;
				CLANG_CXX_LANGUAGE_STANDARD = "gnu++0x";
				CLANG_CXX_LIBRARY = "libc++";
				CLANG_ENABLE_MODULES = YES;
				CLANG_ENABLE_OBJC_ARC = YES;
				CLANG_WARN_BOOL_CONVERSION = YES;
				CLANG_WARN_CONSTANT_CONVERSION = YES;
				CLANG_WARN_DIRECT_OBJC_ISA_USAGE = YES_ERROR;
				CLANG_WARN_EMPTY_BODY = YES;
				CLANG_WARN_ENUM_CONVERSION = YES;
				CLANG_WARN_INT_CONVERSION = YES;
				CLANG_WARN_OBJC_ROOT_CLASS = YES_ERROR;
				CLANG_WARN_UNREACHABLE_CODE = YES;
				CLANG_WARN__DUPLICATE_METHOD_MATCH = YES;
				"CODE_SIGN_IDENTITY[sdk=iphoneos*]" = "iPhone Developer";
				COPY_PHASE_STRIP = NO;
				DEBUG_INFORMATION_FORMAT = "dwarf-with-dsym";
				ENABLE_STRICT_OBJC_MSGSEND = YES;
				GCC_C_LANGUAGE_STANDARD = gnu99;
				GCC_DYNAMIC_NO_PIC = NO;
				GCC_NO_COMMON_BLOCKS = YES;
				GCC_OPTIMIZATION_LEVEL = 0;
				GCC_PREPROCESSOR_DEFINITIONS = (
					"DEBUG=1",
					"$(inherited)",
				);
				GCC_SYMBOLS_PRIVATE_EXTERN = NO;
				GCC_WARN_64_TO_32_BIT_CONVERSION = YES;
				GCC_WARN_ABOUT_RETURN_TYPE = YES_ERROR;
				GCC_WARN_UNDECLARED_SELECTOR = YES;
				GCC_WARN_UNINITIALIZED_AUTOS = YES_AGGRESSIVE;
				GCC_WARN_UNUSED_FUNCTION = YES;
				GCC_WARN_UNUSED_VARIABLE = YES;
				IPHONEOS_DEPLOYMENT_TARGET = 8.3;
				MTL_ENABLE_DEBUG_INFO = YES;
				ONLY_ACTIVE_ARCH = YES;
				SDKROOT = iphoneos;
				SWIFT_OPTIMIZATION_LEVEL = "-Onone";
				TARGETED_DEVICE_FAMILY = "1,2";
			};
			name = Debug;
		};
		4BE1D0651B44A03E00C5AEFE /* Release */ = {
			isa = XCBuildConfiguration;
			buildSettings = {
				ALWAYS_SEARCH_USER_PATHS = NO;
				CLANG_CXX_LANGUAGE_STANDARD = "gnu++0x";
				CLANG_CXX_LIBRARY = "libc++";
				CLANG_ENABLE_MODULES = YES;
				CLANG_ENABLE_OBJC_ARC = YES;
				CLANG_WARN_BOOL_CONVERSION = YES;
				CLANG_WARN_CONSTANT_CONVERSION = YES;
				CLANG_WARN_DIRECT_OBJC_ISA_USAGE = YES_ERROR;
				CLANG_WARN_EMPTY_BODY = YES;
				CLANG_WARN_ENUM_CONVERSION = YES;
				CLANG_WARN_INT_CONVERSION = YES;
				CLANG_WARN_OBJC_ROOT_CLASS = YES_ERROR;
				CLANG_WARN_UNREACHABLE_CODE = YES;
				CLANG_WARN__DUPLICATE_METHOD_MATCH = YES;
				"CODE_SIGN_IDENTITY[sdk=iphoneos*]" = "iPhone Developer";
				COPY_PHASE_STRIP = NO;
				DEBUG_INFORMATION_FORMAT = "dwarf-with-dsym";
				ENABLE_NS_ASSERTIONS = NO;
				ENABLE_STRICT_OBJC_MSGSEND = YES;
				GCC_C_LANGUAGE_STANDARD = gnu99;
				GCC_NO_COMMON_BLOCKS = YES;
				GCC_WARN_64_TO_32_BIT_CONVERSION = YES;
				GCC_WARN_ABOUT_RETURN_TYPE = YES_ERROR;
				GCC_WARN_UNDECLARED_SELECTOR = YES;
				GCC_WARN_UNINITIALIZED_AUTOS = YES_AGGRESSIVE;
				GCC_WARN_UNUSED_FUNCTION = YES;
				GCC_WARN_UNUSED_VARIABLE = YES;
				IPHONEOS_DEPLOYMENT_TARGET = 8.3;
				MTL_ENABLE_DEBUG_INFO = NO;
				SDKROOT = iphoneos;
				TARGETED_DEVICE_FAMILY = "1,2";
				VALIDATE_PRODUCT = YES;
			};
			name = Release;
		};
		4BE1D0671B44A03E00C5AEFE /* Debug */ = {
			isa = XCBuildConfiguration;
			buildSettings = {
				ASSETCATALOG_COMPILER_APPICON_NAME = AppIcon;
				INFOPLIST_FILE = gitJobsViewer/Info.plist;
				LD_RUNPATH_SEARCH_PATHS = "$(inherited) @executable_path/Frameworks";
				PRODUCT_NAME = "$(TARGET_NAME)";
			};
			name = Debug;
		};
		4BE1D0681B44A03E00C5AEFE /* Release */ = {
			isa = XCBuildConfiguration;
			buildSettings = {
				ASSETCATALOG_COMPILER_APPICON_NAME = AppIcon;
				INFOPLIST_FILE = gitJobsViewer/Info.plist;
				LD_RUNPATH_SEARCH_PATHS = "$(inherited) @executable_path/Frameworks";
				PRODUCT_NAME = "$(TARGET_NAME)";
			};
			name = Release;
		};
		4BE1D06A1B44A03E00C5AEFE /* Debug */ = {
			isa = XCBuildConfiguration;
			buildSettings = {
				BUNDLE_LOADER = "$(TEST_HOST)";
				FRAMEWORK_SEARCH_PATHS = (
					"$(SDKROOT)/Developer/Library/Frameworks",
					"$(inherited)",
				);
				GCC_PREPROCESSOR_DEFINITIONS = (
					"DEBUG=1",
					"$(inherited)",
				);
				INFOPLIST_FILE = gitJobsViewerTests/Info.plist;
				LD_RUNPATH_SEARCH_PATHS = "$(inherited) @executable_path/Frameworks @loader_path/Frameworks";
				PRODUCT_NAME = "$(TARGET_NAME)";
				TEST_HOST = "$(BUILT_PRODUCTS_DIR)/gitJobsViewer.app/gitJobsViewer";
			};
			name = Debug;
		};
		4BE1D06B1B44A03E00C5AEFE /* Release */ = {
			isa = XCBuildConfiguration;
			buildSettings = {
				BUNDLE_LOADER = "$(TEST_HOST)";
				FRAMEWORK_SEARCH_PATHS = (
					"$(SDKROOT)/Developer/Library/Frameworks",
					"$(inherited)",
				);
				INFOPLIST_FILE = gitJobsViewerTests/Info.plist;
				LD_RUNPATH_SEARCH_PATHS = "$(inherited) @executable_path/Frameworks @loader_path/Frameworks";
				PRODUCT_NAME = "$(TARGET_NAME)";
				TEST_HOST = "$(BUILT_PRODUCTS_DIR)/gitJobsViewer.app/gitJobsViewer";
			};
			name = Release;
		};
/* End XCBuildConfiguration section */

/* Begin XCConfigurationList section */
		4BE1D0421B44A03E00C5AEFE /* Build configuration list for PBXProject "gitJobsViewer" */ = {
			isa = XCConfigurationList;
			buildConfigurations = (
				4BE1D0641B44A03E00C5AEFE /* Debug */,
				4BE1D0651B44A03E00C5AEFE /* Release */,
			);
			defaultConfigurationIsVisible = 0;
			defaultConfigurationName = Release;
		};
		4BE1D0661B44A03E00C5AEFE /* Build configuration list for PBXNativeTarget "gitJobsViewer" */ = {
			isa = XCConfigurationList;
			buildConfigurations = (
				4BE1D0671B44A03E00C5AEFE /* Debug */,
				4BE1D0681B44A03E00C5AEFE /* Release */,
			);
			defaultConfigurationIsVisible = 0;
		};
		4BE1D0691B44A03E00C5AEFE /* Build configuration list for PBXNativeTarget "gitJobsViewerTests" */ = {
			isa = XCConfigurationList;
			buildConfigurations = (
				4BE1D06A1B44A03E00C5AEFE /* Debug */,
				4BE1D06B1B44A03E00C5AEFE /* Release */,
			);
			defaultConfigurationIsVisible = 0;
		};
/* End XCConfigurationList section */
	};
	rootObject = 4BE1D03F1B44A03E00C5AEFE /* Project object */;
}
